
Microsoft Visual Studio Solution File, Format Version 12.00
# Visual Studio Version 17
VisualStudioVersion = 17.6.33829.357
MinimumVisualStudioVersion = 10.0.40219.1
Project("{FAE04EC0-301F-11D3-BF4B-00C04F79EFBC}") = "assignment41", "assignment41.csproj", "{FFD53ADD-2311-4105-A0BB-055905E9782E}"
EndProject
Global
	GlobalSection(SolutionConfigurationPlatforms) = preSolution
		Debug|Any CPU = Debug|Any CPU
		Release|Any CPU = Release|Any CPU
	EndGlobalSection
	GlobalSection(ProjectConfigurationPlatforms) = postSolution
		{FFD53ADD-2311-4105-A0BB-055905E9782E}.Debug|Any CPU.ActiveCfg = Debug|Any CPU
		{FFD53ADD-2311-4105-A0BB-055905E9782E}.Debug|Any CPU.Build.0 = Debug|Any CPU
		{FFD53ADD-2311-4105-A0BB-055905E9782E}.Release|Any CPU.ActiveCfg = Release|Any CPU
		{FFD53ADD-2311-4105-A0BB-055905E9782E}.Release|Any CPU.Build.0 = Release|Any CPU
	EndGlobalSection
	GlobalSection(SolutionProperties) = preSolution
		HideSolutionNode = FALSE
	EndGlobalSection
	GlobalSection(ExtensibilityGlobals) = postSolution
		SolutionGuid = {D13D366C-23F8-499B-9E07-CDC8C3E47F1B}
	EndGlobalSection
EndGlobal
